// !$*UTF8*$!
{
	archiveVersion = 1;
	classes = {
	};
	objectVersion = 56;
	objects = {

/* Begin PBXBuildFile section */
		9C3C93612B971309009338FC /* PlatformDogView.xib in Resources */ = {isa = PBXBuildFile; fileRef = 9C3C93602B971309009338FC /* PlatformDogView.xib */; };
		9C456A2E2B9725C800BEF3D2 /* PlatformDogView.swift in Sources */ = {isa = PBXBuildFile; fileRef = 9C456A2D2B9725C800BEF3D2 /* PlatformDogView.swift */; };
		9C456A322B97286500BEF3D2 /* DSLDogView.swift in Sources */ = {isa = PBXBuildFile; fileRef = 9C456A312B97286500BEF3D2 /* DSLDogView.swift */; };
		9C73FE862B923F60006EC561 /* DependencyExplainingView.swift in Sources */ = {isa = PBXBuildFile; fileRef = 9C73FE852B923F60006EC561 /* DependencyExplainingView.swift */; };
		9C73FE882B92D984006EC561 /* BindingUpstreamView.swift in Sources */ = {isa = PBXBuildFile; fileRef = 9C73FE872B92D984006EC561 /* BindingUpstreamView.swift */; };
		9C73FE8A2B94E1FA006EC561 /* DogView.swift in Sources */ = {isa = PBXBuildFile; fileRef = 9C73FE892B94E1FA006EC561 /* DogView.swift */; };
		9C7B4C112B86CF2E006838F8 /* DogViewWithState.swift in Sources */ = {isa = PBXBuildFile; fileRef = 9C7B4C102B86CF2E006838F8 /* DogViewWithState.swift */; };
		9C7B4C132B86D0D4006838F8 /* DogViewWithStateObject.swift in Sources */ = {isa = PBXBuildFile; fileRef = 9C7B4C122B86D0D4006838F8 /* DogViewWithStateObject.swift */; };
		9C7B4C152B86D5BE006838F8 /* DogViewWithObservableInstance.swift in Sources */ = {isa = PBXBuildFile; fileRef = 9C7B4C142B86D5BE006838F8 /* DogViewWithObservableInstance.swift */; };
		9C7B4C172B86D619006838F8 /* DogViewWithEnvironment.swift in Sources */ = {isa = PBXBuildFile; fileRef = 9C7B4C162B86D619006838F8 /* DogViewWithEnvironment.swift */; };
		9C7B4C1B2B8CDC06006838F8 /* DogViewWithObservedObject.swift in Sources */ = {isa = PBXBuildFile; fileRef = 9C7B4C1A2B8CDC06006838F8 /* DogViewWithObservedObject.swift */; };
		9C7B4C1D2B8CEA55006838F8 /* DogViewWithBinding.swift in Sources */ = {isa = PBXBuildFile; fileRef = 9C7B4C1C2B8CEA55006838F8 /* DogViewWithBinding.swift */; };
		9C7B4C1F2B8CFBAD006838F8 /* DominatingViews.swift in Sources */ = {isa = PBXBuildFile; fileRef = 9C7B4C1E2B8CFBAD006838F8 /* DominatingViews.swift */; };
		9C7B4C212B8D919A006838F8 /* ListOfViews.swift in Sources */ = {isa = PBXBuildFile; fileRef = 9C7B4C202B8D919A006838F8 /* ListOfViews.swift */; };
		9C7B4C232B8D91E0006838F8 /* ListOfPlatformViews.swift in Sources */ = {isa = PBXBuildFile; fileRef = 9C7B4C222B8D91E0006838F8 /* ListOfPlatformViews.swift */; };
		9C7B4C272B8D946E006838F8 /* PlatformDogViewWithState.swift in Sources */ = {isa = PBXBuildFile; fileRef = 9C7B4C262B8D946E006838F8 /* PlatformDogViewWithState.swift */; };
		9C7B4C2B2B8D9EFD006838F8 /* PlatformDogViewWithStateObject.swift in Sources */ = {isa = PBXBuildFile; fileRef = 9C7B4C2A2B8D9EFD006838F8 /* PlatformDogViewWithStateObject.swift */; };
		9C7B4C2D2B8DA07C006838F8 /* PlatformDogViewWithObservedObject.swift in Sources */ = {isa = PBXBuildFile; fileRef = 9C7B4C2C2B8DA07C006838F8 /* PlatformDogViewWithObservedObject.swift */; };
		9C7B4C2F2B8DA094006838F8 /* PlatformDogViewWithObservableInstance.swift in Sources */ = {isa = PBXBuildFile; fileRef = 9C7B4C2E2B8DA094006838F8 /* PlatformDogViewWithObservableInstance.swift */; };
		9C7B4C312B8DA124006838F8 /* PlatformDogViewWithBinding.swift in Sources */ = {isa = PBXBuildFile; fileRef = 9C7B4C302B8DA124006838F8 /* PlatformDogViewWithBinding.swift */; };
		9CB744DE2B7A31F5008CF9FB /* DependOnDefAndUseDemoApp.swift in Sources */ = {isa = PBXBuildFile; fileRef = 9CB744DD2B7A31F5008CF9FB /* DependOnDefAndUseDemoApp.swift */; };
		9CB744E02B7A31F5008CF9FB /* StateVSObservationView.swift in Sources */ = {isa = PBXBuildFile; fileRef = 9CB744DF2B7A31F5008CF9FB /* StateVSObservationView.swift */; };
		9CB744E22B7A31F9008CF9FB /* Assets.xcassets in Resources */ = {isa = PBXBuildFile; fileRef = 9CB744E12B7A31F9008CF9FB /* Assets.xcassets */; };
		9CB744E62B7A31F9008CF9FB /* Preview Assets.xcassets in Resources */ = {isa = PBXBuildFile; fileRef = 9CB744E52B7A31F9008CF9FB /* Preview Assets.xcassets */; };
		9CB744ED2B7A8313008CF9FB /* UIViewRepresentableAndEnvironment.swift in Sources */ = {isa = PBXBuildFile; fileRef = 9CB744EC2B7A8313008CF9FB /* UIViewRepresentableAndEnvironment.swift */; };
		9CB744EF2B7A8499008CF9FB /* Common.swift in Sources */ = {isa = PBXBuildFile; fileRef = 9CB744EE2B7A8499008CF9FB /* Common.swift */; };
/* End PBXBuildFile section */

/* Begin PBXFileReference section */
		9C3C93602B971309009338FC /* PlatformDogView.xib */ = {isa = PBXFileReference; lastKnownFileType = file.xib; path = PlatformDogView.xib; sourceTree = "<group>"; };
		9C456A2D2B9725C800BEF3D2 /* PlatformDogView.swift */ = {isa = PBXFileReference; lastKnownFileType = sourcecode.swift; path = PlatformDogView.swift; sourceTree = "<group>"; };
		9C456A312B97286500BEF3D2 /* DSLDogView.swift */ = {isa = PBXFileReference; lastKnownFileType = sourcecode.swift; path = DSLDogView.swift; sourceTree = "<group>"; };
		9C73FE852B923F60006EC561 /* DependencyExplainingView.swift */ = {isa = PBXFileReference; lastKnownFileType = sourcecode.swift; path = DependencyExplainingView.swift; sourceTree = "<group>"; };
		9C73FE872B92D984006EC561 /* BindingUpstreamView.swift */ = {isa = PBXFileReference; lastKnownFileType = sourcecode.swift; path = BindingUpstreamView.swift; sourceTree = "<group>"; };
		9C73FE892B94E1FA006EC561 /* DogView.swift */ = {isa = PBXFileReference; lastKnownFileType = sourcecode.swift; path = DogView.swift; sourceTree = "<group>"; };
		9C7B4C102B86CF2E006838F8 /* DogViewWithState.swift */ = {isa = PBXFileReference; lastKnownFileType = sourcecode.swift; path = DogViewWithState.swift; sourceTree = "<group>"; };
		9C7B4C122B86D0D4006838F8 /* DogViewWithStateObject.swift */ = {isa = PBXFileReference; lastKnownFileType = sourcecode.swift; path = DogViewWithStateObject.swift; sourceTree = "<group>"; };
		9C7B4C142B86D5BE006838F8 /* DogViewWithObservableInstance.swift */ = {isa = PBXFileReference; lastKnownFileType = sourcecode.swift; path = DogViewWithObservableInstance.swift; sourceTree = "<group>"; };
		9C7B4C162B86D619006838F8 /* DogViewWithEnvironment.swift */ = {isa = PBXFileReference; lastKnownFileType = sourcecode.swift; path = DogViewWithEnvironment.swift; sourceTree = "<group>"; };
		9C7B4C1A2B8CDC06006838F8 /* DogViewWithObservedObject.swift */ = {isa = PBXFileReference; lastKnownFileType = sourcecode.swift; path = DogViewWithObservedObject.swift; sourceTree = "<group>"; };
		9C7B4C1C2B8CEA55006838F8 /* DogViewWithBinding.swift */ = {isa = PBXFileReference; lastKnownFileType = sourcecode.swift; path = DogViewWithBinding.swift; sourceTree = "<group>"; };
		9C7B4C1E2B8CFBAD006838F8 /* DominatingViews.swift */ = {isa = PBXFileReference; lastKnownFileType = sourcecode.swift; path = DominatingViews.swift; sourceTree = "<group>"; };
		9C7B4C202B8D919A006838F8 /* ListOfViews.swift */ = {isa = PBXFileReference; lastKnownFileType = sourcecode.swift; path = ListOfViews.swift; sourceTree = "<group>"; };
		9C7B4C222B8D91E0006838F8 /* ListOfPlatformViews.swift */ = {isa = PBXFileReference; lastKnownFileType = sourcecode.swift; path = ListOfPlatformViews.swift; sourceTree = "<group>"; };
		9C7B4C262B8D946E006838F8 /* PlatformDogViewWithState.swift */ = {isa = PBXFileReference; lastKnownFileType = sourcecode.swift; path = PlatformDogViewWithState.swift; sourceTree = "<group>"; };
		9C7B4C2A2B8D9EFD006838F8 /* PlatformDogViewWithStateObject.swift */ = {isa = PBXFileReference; fileEncoding = 4; lastKnownFileType = sourcecode.swift; path = PlatformDogViewWithStateObject.swift; sourceTree = "<group>"; };
		9C7B4C2C2B8DA07C006838F8 /* PlatformDogViewWithObservedObject.swift */ = {isa = PBXFileReference; lastKnownFileType = sourcecode.swift; path = PlatformDogViewWithObservedObject.swift; sourceTree = "<group>"; };
		9C7B4C2E2B8DA094006838F8 /* PlatformDogViewWithObservableInstance.swift */ = {isa = PBXFileReference; lastKnownFileType = sourcecode.swift; path = PlatformDogViewWithObservableInstance.swift; sourceTree = "<group>"; };
		9C7B4C302B8DA124006838F8 /* PlatformDogViewWithBinding.swift */ = {isa = PBXFileReference; lastKnownFileType = sourcecode.swift; path = PlatformDogViewWithBinding.swift; sourceTree = "<group>"; };
		9CB744DA2B7A31F5008CF9FB /* DependOnDefAndUseDemo.app */ = {isa = PBXFileReference; explicitFileType = wrapper.application; includeInIndex = 0; path = DependOnDefAndUseDemo.app; sourceTree = BUILT_PRODUCTS_DIR; };
		9CB744DD2B7A31F5008CF9FB /* DependOnDefAndUseDemoApp.swift */ = {isa = PBXFileReference; lastKnownFileType = sourcecode.swift; path = DependOnDefAndUseDemoApp.swift; sourceTree = "<group>"; };
		9CB744DF2B7A31F5008CF9FB /* StateVSObservationView.swift */ = {isa = PBXFileReference; lastKnownFileType = sourcecode.swift; path = StateVSObservationView.swift; sourceTree = "<group>"; };
		9CB744E12B7A31F9008CF9FB /* Assets.xcassets */ = {isa = PBXFileReference; lastKnownFileType = folder.assetcatalog; path = Assets.xcassets; sourceTree = "<group>"; };
		9CB744E32B7A31F9008CF9FB /* DependOnDefAndUseDemo.entitlements */ = {isa = PBXFileReference; lastKnownFileType = text.plist.entitlements; path = DependOnDefAndUseDemo.entitlements; sourceTree = "<group>"; };
		9CB744E52B7A31F9008CF9FB /* Preview Assets.xcassets */ = {isa = PBXFileReference; lastKnownFileType = folder.assetcatalog; path = "Preview Assets.xcassets"; sourceTree = "<group>"; };
		9CB744EC2B7A8313008CF9FB /* UIViewRepresentableAndEnvironment.swift */ = {isa = PBXFileReference; lastKnownFileType = sourcecode.swift; path = UIViewRepresentableAndEnvironment.swift; sourceTree = "<group>"; };
		9CB744EE2B7A8499008CF9FB /* Common.swift */ = {isa = PBXFileReference; lastKnownFileType = sourcecode.swift; path = Common.swift; sourceTree = "<group>"; };
/* End PBXFileReference section */

/* Begin PBXFrameworksBuildPhase section */
		9CB744D72B7A31F5008CF9FB /* Frameworks */ = {
			isa = PBXFrameworksBuildPhase;
			buildActionMask = 2147483647;
			files = (
			);
			runOnlyForDeploymentPostprocessing = 0;
		};
/* End PBXFrameworksBuildPhase section */

/* Begin PBXGroup section */
		9C7B4C242B8D944A006838F8 /* Views */ = {
			isa = PBXGroup;
			children = (
				9C7B4C102B86CF2E006838F8 /* DogViewWithState.swift */,
				9C7B4C122B86D0D4006838F8 /* DogViewWithStateObject.swift */,
				9C7B4C1A2B8CDC06006838F8 /* DogViewWithObservedObject.swift */,
				9C7B4C142B86D5BE006838F8 /* DogViewWithObservableInstance.swift */,
				9C7B4C162B86D619006838F8 /* DogViewWithEnvironment.swift */,
				9C7B4C1C2B8CEA55006838F8 /* DogViewWithBinding.swift */,
				9C73FE872B92D984006EC561 /* BindingUpstreamView.swift */,
				9C456A312B97286500BEF3D2 /* DSLDogView.swift */,
			);
			path = Views;
			sourceTree = "<group>";
		};
		9C7B4C252B8D9455006838F8 /* PlatformViews */ = {
			isa = PBXGroup;
			children = (
				9C7B4C262B8D946E006838F8 /* PlatformDogViewWithState.swift */,
				9C7B4C2A2B8D9EFD006838F8 /* PlatformDogViewWithStateObject.swift */,
				9C7B4C2C2B8DA07C006838F8 /* PlatformDogViewWithObservedObject.swift */,
				9C7B4C2E2B8DA094006838F8 /* PlatformDogViewWithObservableInstance.swift */,
				9C7B4C302B8DA124006838F8 /* PlatformDogViewWithBinding.swift */,
				9C456A2D2B9725C800BEF3D2 /* PlatformDogView.swift */,
				9C3C93602B971309009338FC /* PlatformDogView.xib */,
			);
			path = PlatformViews;
			sourceTree = "<group>";
		};
		9CB744D12B7A31F5008CF9FB = {
			isa = PBXGroup;
			children = (
				9CB744DC2B7A31F5008CF9FB /* DependOnDefAndUseDemo */,
				9CB744DB2B7A31F5008CF9FB /* Products */,
			);
			sourceTree = "<group>";
		};
		9CB744DB2B7A31F5008CF9FB /* Products */ = {
			isa = PBXGroup;
			children = (
				9CB744DA2B7A31F5008CF9FB /* DependOnDefAndUseDemo.app */,
			);
			name = Products;
			sourceTree = "<group>";
		};
		9CB744DC2B7A31F5008CF9FB /* DependOnDefAndUseDemo */ = {
			isa = PBXGroup;
			children = (
				9C7B4C252B8D9455006838F8 /* PlatformViews */,
				9C7B4C242B8D944A006838F8 /* Views */,
				9CB744DD2B7A31F5008CF9FB /* DependOnDefAndUseDemoApp.swift */,
				9CB744DF2B7A31F5008CF9FB /* StateVSObservationView.swift */,
				9CB744EC2B7A8313008CF9FB /* UIViewRepresentableAndEnvironment.swift */,
				9C7B4C202B8D919A006838F8 /* ListOfViews.swift */,
				9C7B4C222B8D91E0006838F8 /* ListOfPlatformViews.swift */,
				9C7B4C1E2B8CFBAD006838F8 /* DominatingViews.swift */,
				9CB744EE2B7A8499008CF9FB /* Common.swift */,
				9C73FE892B94E1FA006EC561 /* DogView.swift */,
				9C73FE852B923F60006EC561 /* DependencyExplainingView.swift */,
				9CB744E12B7A31F9008CF9FB /* Assets.xcassets */,
				9CB744E32B7A31F9008CF9FB /* DependOnDefAndUseDemo.entitlements */,
				9CB744E42B7A31F9008CF9FB /* Preview Content */,
			);
			path = DependOnDefAndUseDemo;
			sourceTree = "<group>";
		};
		9CB744E42B7A31F9008CF9FB /* Preview Content */ = {
			isa = PBXGroup;
			children = (
				9CB744E52B7A31F9008CF9FB /* Preview Assets.xcassets */,
			);
			path = "Preview Content";
			sourceTree = "<group>";
		};
/* End PBXGroup section */

/* Begin PBXNativeTarget section */
		9CB744D92B7A31F5008CF9FB /* DependOnDefAndUseDemo */ = {
			isa = PBXNativeTarget;
			buildConfigurationList = 9CB744E92B7A31F9008CF9FB /* Build configuration list for PBXNativeTarget "DependOnDefAndUseDemo" */;
			buildPhases = (
				9CB744D62B7A31F5008CF9FB /* Sources */,
				9CB744D72B7A31F5008CF9FB /* Frameworks */,
				9CB744D82B7A31F5008CF9FB /* Resources */,
			);
			buildRules = (
			);
			dependencies = (
			);
			name = DependOnDefAndUseDemo;
			productName = DependOnDefAndUseDemo;
			productReference = 9CB744DA2B7A31F5008CF9FB /* DependOnDefAndUseDemo.app */;
			productType = "com.apple.product-type.application";
		};
/* End PBXNativeTarget section */

/* Begin PBXProject section */
		9CB744D22B7A31F5008CF9FB /* Project object */ = {
			isa = PBXProject;
			attributes = {
				BuildIndependentTargetsInParallel = 1;
				LastSwiftUpdateCheck = 1500;
				LastUpgradeCheck = 1500;
				TargetAttributes = {
					9CB744D92B7A31F5008CF9FB = {
						CreatedOnToolsVersion = 15.0;
					};
				};
			};
			buildConfigurationList = 9CB744D52B7A31F5008CF9FB /* Build configuration list for PBXProject "DependOnDefAndUseDemo" */;
			compatibilityVersion = "Xcode 14.0";
			developmentRegion = en;
			hasScannedForEncodings = 0;
			knownRegions = (
				en,
				Base,
			);
			mainGroup = 9CB744D12B7A31F5008CF9FB;
			productRefGroup = 9CB744DB2B7A31F5008CF9FB /* Products */;
			projectDirPath = "";
			projectRoot = "";
			targets = (
				9CB744D92B7A31F5008CF9FB /* DependOnDefAndUseDemo */,
			);
		};
/* End PBXProject section */

/* Begin PBXResourcesBuildPhase section */
		9CB744D82B7A31F5008CF9FB /* Resources */ = {
			isa = PBXResourcesBuildPhase;
			buildActionMask = 2147483647;
			files = (
				9CB744E62B7A31F9008CF9FB /* Preview Assets.xcassets in Resources */,
				9CB744E22B7A31F9008CF9FB /* Assets.xcassets in Resources */,
				9C3C93612B971309009338FC /* PlatformDogView.xib in Resources */,
			);
			runOnlyForDeploymentPostprocessing = 0;
		};
/* End PBXResourcesBuildPhase section */

/* Begin PBXSourcesBuildPhase section */
		9CB744D62B7A31F5008CF9FB /* Sources */ = {
			isa = PBXSourcesBuildPhase;
			buildActionMask = 2147483647;
			files = (
				9C7B4C2B2B8D9EFD006838F8 /* PlatformDogViewWithStateObject.swift in Sources */,
				9C7B4C1B2B8CDC06006838F8 /* DogViewWithObservedObject.swift in Sources */,
				9C7B4C132B86D0D4006838F8 /* DogViewWithStateObject.swift in Sources */,
				9C456A322B97286500BEF3D2 /* DSLDogView.swift in Sources */,
				9C7B4C232B8D91E0006838F8 /* ListOfPlatformViews.swift in Sources */,
				9CB744EF2B7A8499008CF9FB /* Common.swift in Sources */,
				9C73FE862B923F60006EC561 /* DependencyExplainingView.swift in Sources */,
				9C7B4C312B8DA124006838F8 /* PlatformDogViewWithBinding.swift in Sources */,
				9C73FE8A2B94E1FA006EC561 /* DogView.swift in Sources */,
				9C456A2E2B9725C800BEF3D2 /* PlatformDogView.swift in Sources */,
				9C7B4C1F2B8CFBAD006838F8 /* DominatingViews.swift in Sources */,
				9C7B4C172B86D619006838F8 /* DogViewWithEnvironment.swift in Sources */,
				9C7B4C112B86CF2E006838F8 /* DogViewWithState.swift in Sources */,
				9C7B4C2F2B8DA094006838F8 /* PlatformDogViewWithObservableInstance.swift in Sources */,
				9C7B4C1D2B8CEA55006838F8 /* DogViewWithBinding.swift in Sources */,
				9C7B4C272B8D946E006838F8 /* PlatformDogViewWithState.swift in Sources */,
				9CB744E02B7A31F5008CF9FB /* StateVSObservationView.swift in Sources */,
				9C7B4C152B86D5BE006838F8 /* DogViewWithObservableInstance.swift in Sources */,
				9C7B4C2D2B8DA07C006838F8 /* PlatformDogViewWithObservedObject.swift in Sources */,
				9C73FE882B92D984006EC561 /* BindingUpstreamView.swift in Sources */,
				9CB744DE2B7A31F5008CF9FB /* DependOnDefAndUseDemoApp.swift in Sources */,
				9CB744ED2B7A8313008CF9FB /* UIViewRepresentableAndEnvironment.swift in Sources */,
				9C7B4C212B8D919A006838F8 /* ListOfViews.swift in Sources */,
			);
			runOnlyForDeploymentPostprocessing = 0;
		};
/* End PBXSourcesBuildPhase section */

/* Begin XCBuildConfiguration section */
		9CB744E72B7A31F9008CF9FB /* Debug */ = {
			isa = XCBuildConfiguration;
			buildSettings = {
				ALWAYS_SEARCH_USER_PATHS = NO;
				ASSETCATALOG_COMPILER_GENERATE_SWIFT_ASSET_SYMBOL_EXTENSIONS = YES;
				CLANG_ANALYZER_NONNULL = YES;
				CLANG_ANALYZER_NUMBER_OBJECT_CONVERSION = YES_AGGRESSIVE;
				CLANG_CXX_LANGUAGE_STANDARD = "gnu++20";
				CLANG_ENABLE_MODULES = YES;
				CLANG_ENABLE_OBJC_ARC = YES;
				CLANG_ENABLE_OBJC_WEAK = YES;
				CLANG_WARN_BLOCK_CAPTURE_AUTORELEASING = YES;
				CLANG_WARN_BOOL_CONVERSION = YES;
				CLANG_WARN_COMMA = YES;
				CLANG_WARN_CONSTANT_CONVERSION = YES;
				CLANG_WARN_DEPRECATED_OBJC_IMPLEMENTATIONS = YES;
				CLANG_WARN_DIRECT_OBJC_ISA_USAGE = YES_ERROR;
				CLANG_WARN_DOCUMENTATION_COMMENTS = YES;
				CLANG_WARN_EMPTY_BODY = YES;
				CLANG_WARN_ENUM_CONVERSION = YES;
				CLANG_WARN_INFINITE_RECURSION = YES;
				CLANG_WARN_INT_CONVERSION = YES;
				CLANG_WARN_NON_LITERAL_NULL_CONVERSION = YES;
				CLANG_WARN_OBJC_IMPLICIT_RETAIN_SELF = YES;
				CLANG_WARN_OBJC_LITERAL_CONVERSION = YES;
				CLANG_WARN_OBJC_ROOT_CLASS = YES_ERROR;
				CLANG_WARN_QUOTED_INCLUDE_IN_FRAMEWORK_HEADER = YES;
				CLANG_WARN_RANGE_LOOP_ANALYSIS = YES;
				CLANG_WARN_STRICT_PROTOTYPES = YES;
				CLANG_WARN_SUSPICIOUS_MOVE = YES;
				CLANG_WARN_UNGUARDED_AVAILABILITY = YES_AGGRESSIVE;
				CLANG_WARN_UNREACHABLE_CODE = YES;
				CLANG_WARN__DUPLICATE_METHOD_MATCH = YES;
				COPY_PHASE_STRIP = NO;
				DEBUG_INFORMATION_FORMAT = dwarf;
				ENABLE_STRICT_OBJC_MSGSEND = YES;
				ENABLE_TESTABILITY = YES;
				ENABLE_USER_SCRIPT_SANDBOXING = YES;
				GCC_C_LANGUAGE_STANDARD = gnu17;
				GCC_DYNAMIC_NO_PIC = NO;
				GCC_NO_COMMON_BLOCKS = YES;
				GCC_OPTIMIZATION_LEVEL = 0;
				GCC_PREPROCESSOR_DEFINITIONS = (
					"DEBUG=1",
					"$(inherited)",
				);
				GCC_WARN_64_TO_32_BIT_CONVERSION = YES;
				GCC_WARN_ABOUT_RETURN_TYPE = YES_ERROR;
				GCC_WARN_UNDECLARED_SELECTOR = YES;
				GCC_WARN_UNINITIALIZED_AUTOS = YES_AGGRESSIVE;
				GCC_WARN_UNUSED_FUNCTION = YES;
				GCC_WARN_UNUSED_VARIABLE = YES;
				LOCALIZATION_PREFERS_STRING_CATALOGS = YES;
				MTL_ENABLE_DEBUG_INFO = INCLUDE_SOURCE;
				MTL_FAST_MATH = YES;
				ONLY_ACTIVE_ARCH = YES;
				SWIFT_ACTIVE_COMPILATION_CONDITIONS = "DEBUG $(inherited)";
				SWIFT_OPTIMIZATION_LEVEL = "-Onone";
			};
			name = Debug;
		};
		9CB744E82B7A31F9008CF9FB /* Release */ = {
			isa = XCBuildConfiguration;
			buildSettings = {
				ALWAYS_SEARCH_USER_PATHS = NO;
				ASSETCATALOG_COMPILER_GENERATE_SWIFT_ASSET_SYMBOL_EXTENSIONS = YES;
				CLANG_ANALYZER_NONNULL = YES;
				CLANG_ANALYZER_NUMBER_OBJECT_CONVERSION = YES_AGGRESSIVE;
				CLANG_CXX_LANGUAGE_STANDARD = "gnu++20";
				CLANG_ENABLE_MODULES = YES;
				CLANG_ENABLE_OBJC_ARC = YES;
				CLANG_ENABLE_OBJC_WEAK = YES;
				CLANG_WARN_BLOCK_CAPTURE_AUTORELEASING = YES;
				CLANG_WARN_BOOL_CONVERSION = YES;
				CLANG_WARN_COMMA = YES;
				CLANG_WARN_CONSTANT_CONVERSION = YES;
				CLANG_WARN_DEPRECATED_OBJC_IMPLEMENTATIONS = YES;
				CLANG_WARN_DIRECT_OBJC_ISA_USAGE = YES_ERROR;
				CLANG_WARN_DOCUMENTATION_COMMENTS = YES;
				CLANG_WARN_EMPTY_BODY = YES;
				CLANG_WARN_ENUM_CONVERSION = YES;
				CLANG_WARN_INFINITE_RECURSION = YES;
				CLANG_WARN_INT_CONVERSION = YES;
				CLANG_WARN_NON_LITERAL_NULL_CONVERSION = YES;
				CLANG_WARN_OBJC_IMPLICIT_RETAIN_SELF = YES;
				CLANG_WARN_OBJC_LITERAL_CONVERSION = YES;
				CLANG_WARN_OBJC_ROOT_CLASS = YES_ERROR;
				CLANG_WARN_QUOTED_INCLUDE_IN_FRAMEWORK_HEADER = YES;
				CLANG_WARN_RANGE_LOOP_ANALYSIS = YES;
				CLANG_WARN_STRICT_PROTOTYPES = YES;
				CLANG_WARN_SUSPICIOUS_MOVE = YES;
				CLANG_WARN_UNGUARDED_AVAILABILITY = YES_AGGRESSIVE;
				CLANG_WARN_UNREACHABLE_CODE = YES;
				CLANG_WARN__DUPLICATE_METHOD_MATCH = YES;
				COPY_PHASE_STRIP = NO;
				DEBUG_INFORMATION_FORMAT = "dwarf-with-dsym";
				ENABLE_NS_ASSERTIONS = NO;
				ENABLE_STRICT_OBJC_MSGSEND = YES;
				ENABLE_USER_SCRIPT_SANDBOXING = YES;
				GCC_C_LANGUAGE_STANDARD = gnu17;
				GCC_NO_COMMON_BLOCKS = YES;
				GCC_WARN_64_TO_32_BIT_CONVERSION = YES;
				GCC_WARN_ABOUT_RETURN_TYPE = YES_ERROR;
				GCC_WARN_UNDECLARED_SELECTOR = YES;
				GCC_WARN_UNINITIALIZED_AUTOS = YES_AGGRESSIVE;
				GCC_WARN_UNUSED_FUNCTION = YES;
				GCC_WARN_UNUSED_VARIABLE = YES;
				LOCALIZATION_PREFERS_STRING_CATALOGS = YES;
				MTL_ENABLE_DEBUG_INFO = NO;
				MTL_FAST_MATH = YES;
				SWIFT_COMPILATION_MODE = wholemodule;
			};
			name = Release;
		};
		9CB744EA2B7A31F9008CF9FB /* Debug */ = {
			isa = XCBuildConfiguration;
			buildSettings = {
				ASSETCATALOG_COMPILER_APPICON_NAME = AppIcon;
				ASSETCATALOG_COMPILER_GLOBAL_ACCENT_COLOR_NAME = AccentColor;
				CODE_SIGN_ENTITLEMENTS = DependOnDefAndUseDemo/DependOnDefAndUseDemo.entitlements;
				CODE_SIGN_STYLE = Automatic;
				CURRENT_PROJECT_VERSION = 1;
				DEVELOPMENT_ASSET_PATHS = "\"DependOnDefAndUseDemo/Preview Content\"";
				DEVELOPMENT_TEAM = A8KGC2QQ74;
				ENABLE_HARDENED_RUNTIME = YES;
				ENABLE_PREVIEWS = YES;
				GENERATE_INFOPLIST_FILE = YES;
				"INFOPLIST_KEY_UIApplicationSceneManifest_Generation[sdk=iphoneos*]" = YES;
				"INFOPLIST_KEY_UIApplicationSceneManifest_Generation[sdk=iphonesimulator*]" = YES;
				"INFOPLIST_KEY_UIApplicationSupportsIndirectInputEvents[sdk=iphoneos*]" = YES;
				"INFOPLIST_KEY_UIApplicationSupportsIndirectInputEvents[sdk=iphonesimulator*]" = YES;
				"INFOPLIST_KEY_UILaunchScreen_Generation[sdk=iphoneos*]" = YES;
				"INFOPLIST_KEY_UILaunchScreen_Generation[sdk=iphonesimulator*]" = YES;
				"INFOPLIST_KEY_UIStatusBarStyle[sdk=iphoneos*]" = UIStatusBarStyleDefault;
				"INFOPLIST_KEY_UIStatusBarStyle[sdk=iphonesimulator*]" = UIStatusBarStyleDefault;
				INFOPLIST_KEY_UISupportedInterfaceOrientations_iPad = "UIInterfaceOrientationPortrait UIInterfaceOrientationPortraitUpsideDown UIInterfaceOrientationLandscapeLeft UIInterfaceOrientationLandscapeRight";
				INFOPLIST_KEY_UISupportedInterfaceOrientations_iPhone = "UIInterfaceOrientationPortrait UIInterfaceOrientationLandscapeLeft UIInterfaceOrientationLandscapeRight";
				IPHONEOS_DEPLOYMENT_TARGET = 17.0;
				LD_RUNPATH_SEARCH_PATHS = "@executable_path/Frameworks";
				"LD_RUNPATH_SEARCH_PATHS[sdk=macosx*]" = "@executable_path/../Frameworks";
				MACOSX_DEPLOYMENT_TARGET = 14.0;
				MARKETING_VERSION = 1.0;
				PRODUCT_BUNDLE_IDENTIFIER = com.WeZZardDesign.DependOnDefAndUseDemo;
				PRODUCT_NAME = "$(TARGET_NAME)";
				SDKROOT = auto;
				SUPPORTED_PLATFORMS = "iphoneos iphonesimulator";
				SUPPORTS_MACCATALYST = NO;
				SWIFT_EMIT_LOC_STRINGS = YES;
				SWIFT_VERSION = 5.0;
				TARGETED_DEVICE_FAMILY = "1,2";
			};
			name = Debug;
		};
		9CB744EB2B7A31F9008CF9FB /* Release */ = {
			isa = XCBuildConfiguration;
			buildSettings = {
				ASSETCATALOG_COMPILER_APPICON_NAME = AppIcon;
				ASSETCATALOG_COMPILER_GLOBAL_ACCENT_COLOR_NAME = AccentColor;
				CODE_SIGN_ENTITLEMENTS = DependOnDefAndUseDemo/DependOnDefAndUseDemo.entitlements;
				CODE_SIGN_STYLE = Automatic;
				CURRENT_PROJECT_VERSION = 1;
				DEVELOPMENT_ASSET_PATHS = "\"DependOnDefAndUseDemo/Preview Content\"";
				DEVELOPMENT_TEAM = A8KGC2QQ74;
				ENABLE_HARDENED_RUNTIME = YES;
				ENABLE_PREVIEWS = YES;
				GENERATE_INFOPLIST_FILE = YES;
				"INFOPLIST_KEY_UIApplicationSceneManifest_Generation[sdk=iphoneos*]" = YES;
				"INFOPLIST_KEY_UIApplicationSceneManifest_Generation[sdk=iphonesimulator*]" = YES;
				"INFOPLIST_KEY_UIApplicationSupportsIndirectInputEvents[sdk=iphoneos*]" = YES;
				"INFOPLIST_KEY_UIApplicationSupportsIndirectInputEvents[sdk=iphonesimulator*]" = YES;
				"INFOPLIST_KEY_UILaunchScreen_Generation[sdk=iphoneos*]" = YES;
				"INFOPLIST_KEY_UILaunchScreen_Generation[sdk=iphonesimulator*]" = YES;
				"INFOPLIST_KEY_UIStatusBarStyle[sdk=iphoneos*]" = UIStatusBarStyleDefault;
				"INFOPLIST_KEY_UIStatusBarStyle[sdk=iphonesimulator*]" = UIStatusBarStyleDefault;
				INFOPLIST_KEY_UISupportedInterfaceOrientations_iPad = "UIInterfaceOrientationPortrait UIInterfaceOrientationPortraitUpsideDown UIInterfaceOrientationLandscapeLeft UIInterfaceOrientationLandscapeRight";
				INFOPLIST_KEY_UISupportedInterfaceOrientations_iPhone = "UIInterfaceOrientationPortrait UIInterfaceOrientationLandscapeLeft UIInterfaceOrientationLandscapeRight";
				IPHONEOS_DEPLOYMENT_TARGET = 17.0;
				LD_RUNPATH_SEARCH_PATHS = "@executable_path/Frameworks";
				"LD_RUNPATH_SEARCH_PATHS[sdk=macosx*]" = "@executable_path/../Frameworks";
				MACOSX_DEPLOYMENT_TARGET = 14.0;
				MARKETING_VERSION = 1.0;
				PRODUCT_BUNDLE_IDENTIFIER = com.WeZZardDesign.DependOnDefAndUseDemo;
				PRODUCT_NAME = "$(TARGET_NAME)";
				SDKROOT = auto;
				SUPPORTED_PLATFORMS = "iphoneos iphonesimulator";
				SUPPORTS_MACCATALYST = NO;
				SWIFT_EMIT_LOC_STRINGS = YES;
				SWIFT_VERSION = 5.0;
				TARGETED_DEVICE_FAMILY = "1,2";
			};
			name = Release;
		};
/* End XCBuildConfiguration section */

/* Begin XCConfigurationList section */
		9CB744D52B7A31F5008CF9FB /* Build configuration list for PBXProject "DependOnDefAndUseDemo" */ = {
			isa = XCConfigurationList;
			buildConfigurations = (
				9CB744E72B7A31F9008CF9FB /* Debug */,
				9CB744E82B7A31F9008CF9FB /* Release */,
			);
			defaultConfigurationIsVisible = 0;
			defaultConfigurationName = Release;
		};
		9CB744E92B7A31F9008CF9FB /* Build configuration list for PBXNativeTarget "DependOnDefAndUseDemo" */ = {
			isa = XCConfigurationList;
			buildConfigurations = (
				9CB744EA2B7A31F9008CF9FB /* Debug */,
				9CB744EB2B7A31F9008CF9FB /* Release */,
			);
			defaultConfigurationIsVisible = 0;
			defaultConfigurationName = Release;
		};
/* End XCConfigurationList section */
	};
	rootObject = 9CB744D22B7A31F5008CF9FB /* Project object */;
}
